// !$*UTF8*$!
{
	archiveVersion = 1;
	classes = {
	};
	objectVersion = 56;
	objects = {

/* Begin PBXBuildFile section */
		84D610E82CAE795900739581 /* AppDelegate.swift in Sources */ = {isa = PBXBuildFile; fileRef = 84D610E72CAE795900739581 /* AppDelegate.swift */; };
		84D610EA2CAE795900739581 /* SceneDelegate.swift in Sources */ = {isa = PBXBuildFile; fileRef = 84D610E92CAE795900739581 /* SceneDelegate.swift */; };
		84D610EC2CAE795900739581 /* ViewController.swift in Sources */ = {isa = PBXBuildFile; fileRef = 84D610EB2CAE795900739581 /* ViewController.swift */; };
		84D610EF2CAE795900739581 /* Base in Resources */ = {isa = PBXBuildFile; fileRef = 84D610EE2CAE795900739581 /* Base */; };
		84D610F22CAE795900739581 /* Task1.xcdatamodeld in Sources */ = {isa = PBXBuildFile; fileRef = 84D610F02CAE795900739581 /* Task1.xcdatamodeld */; };
		84D610F42CAE795A00739581 /* Assets.xcassets in Resources */ = {isa = PBXBuildFile; fileRef = 84D610F32CAE795A00739581 /* Assets.xcassets */; };
		84D610F72CAE795A00739581 /* Base in Resources */ = {isa = PBXBuildFile; fileRef = 84D610F62CAE795A00739581 /* Base */; };
		84D611002CAE79FB00739581 /* DetailCell.xib in Resources */ = {isa = PBXBuildFile; fileRef = 84D610FF2CAE79FA00739581 /* DetailCell.xib */; };
		84D611012CAE79FB00739581 /* DetailCell.swift in Sources */ = {isa = PBXBuildFile; fileRef = 84D610FE2CAE79FA00739581 /* DetailCell.swift */; };
		84D611042CAE7B1200739581 /* Alamofire in Frameworks */ = {isa = PBXBuildFile; productRef = 84D611032CAE7B1200739581 /* Alamofire */; };
		84D611062CAE7CD200739581 /* jokemodel.swift in Sources */ = {isa = PBXBuildFile; fileRef = 84D611052CAE7CD200739581 /* jokemodel.swift */; };
		84D611082CAE7E3C00739581 /* ApiManager.swift in Sources */ = {isa = PBXBuildFile; fileRef = 84D611072CAE7E3C00739581 /* ApiManager.swift */; };
		84EFCEA32CAFA92700628488 /* DetailVC.swift in Sources */ = {isa = PBXBuildFile; fileRef = 84EFCEA22CAFA92700628488 /* DetailVC.swift */; };
/* End PBXBuildFile section */

/* Begin PBXFileReference section */
		84D610E42CAE795900739581 /* Task1.app */ = {isa = PBXFileReference; explicitFileType = wrapper.application; includeInIndex = 0; path = Task1.app; sourceTree = BUILT_PRODUCTS_DIR; };
		84D610E72CAE795900739581 /* AppDelegate.swift */ = {isa = PBXFileReference; lastKnownFileType = sourcecode.swift; path = AppDelegate.swift; sourceTree = "<group>"; };
		84D610E92CAE795900739581 /* SceneDelegate.swift */ = {isa = PBXFileReference; lastKnownFileType = sourcecode.swift; path = SceneDelegate.swift; sourceTree = "<group>"; };
		84D610EB2CAE795900739581 /* ViewController.swift */ = {isa = PBXFileReference; lastKnownFileType = sourcecode.swift; path = ViewController.swift; sourceTree = "<group>"; };
		84D610EE2CAE795900739581 /* Base */ = {isa = PBXFileReference; lastKnownFileType = file.storyboard; name = Base; path = Base.lproj/Main.storyboard; sourceTree = "<group>"; };
		84D610F12CAE795900739581 /* Task1.xcdatamodel */ = {isa = PBXFileReference; lastKnownFileType = wrapper.xcdatamodel; path = Task1.xcdatamodel; sourceTree = "<group>"; };
		84D610F32CAE795A00739581 /* Assets.xcassets */ = {isa = PBXFileReference; lastKnownFileType = folder.assetcatalog; path = Assets.xcassets; sourceTree = "<group>"; };
		84D610F62CAE795A00739581 /* Base */ = {isa = PBXFileReference; lastKnownFileType = file.storyboard; name = Base; path = Base.lproj/LaunchScreen.storyboard; sourceTree = "<group>"; };
		84D610F82CAE795A00739581 /* Info.plist */ = {isa = PBXFileReference; lastKnownFileType = text.plist.xml; path = Info.plist; sourceTree = "<group>"; };
		84D610FE2CAE79FA00739581 /* DetailCell.swift */ = {isa = PBXFileReference; lastKnownFileType = sourcecode.swift; path = DetailCell.swift; sourceTree = "<group>"; };
		84D610FF2CAE79FA00739581 /* DetailCell.xib */ = {isa = PBXFileReference; lastKnownFileType = file.xib; path = DetailCell.xib; sourceTree = "<group>"; };
		84D611052CAE7CD200739581 /* jokemodel.swift */ = {isa = PBXFileReference; lastKnownFileType = sourcecode.swift; path = jokemodel.swift; sourceTree = "<group>"; };
		84D611072CAE7E3C00739581 /* ApiManager.swift */ = {isa = PBXFileReference; lastKnownFileType = sourcecode.swift; path = ApiManager.swift; sourceTree = "<group>"; };
		84EFCEA22CAFA92700628488 /* DetailVC.swift */ = {isa = PBXFileReference; lastKnownFileType = sourcecode.swift; path = DetailVC.swift; sourceTree = "<group>"; };
/* End PBXFileReference section */

/* Begin PBXFrameworksBuildPhase section */
		84D610E12CAE795900739581 /* Frameworks */ = {
			isa = PBXFrameworksBuildPhase;
			buildActionMask = 2147483647;
			files = (
				84D611042CAE7B1200739581 /* Alamofire in Frameworks */,
			);
			runOnlyForDeploymentPostprocessing = 0;
		};
/* End PBXFrameworksBuildPhase section */

/* Begin PBXGroup section */
		84D610DB2CAE795800739581 = {
			isa = PBXGroup;
			children = (
				84D610E62CAE795900739581 /* Task1 */,
				84D610E52CAE795900739581 /* Products */,
			);
			sourceTree = "<group>";
		};
		84D610E52CAE795900739581 /* Products */ = {
			isa = PBXGroup;
			children = (
				84D610E42CAE795900739581 /* Task1.app */,
			);
			name = Products;
			sourceTree = "<group>";
		};
		84D610E62CAE795900739581 /* Task1 */ = {
			isa = PBXGroup;
			children = (
				84D610E72CAE795900739581 /* AppDelegate.swift */,
				84D610E92CAE795900739581 /* SceneDelegate.swift */,
				84D610EB2CAE795900739581 /* ViewController.swift */,
				84D610ED2CAE795900739581 /* Main.storyboard */,
				84D610F32CAE795A00739581 /* Assets.xcassets */,
				84D610F52CAE795A00739581 /* LaunchScreen.storyboard */,
				84D610F82CAE795A00739581 /* Info.plist */,
				84D610F02CAE795900739581 /* Task1.xcdatamodeld */,
				84D610FE2CAE79FA00739581 /* DetailCell.swift */,
				84D610FF2CAE79FA00739581 /* DetailCell.xib */,
				84D611052CAE7CD200739581 /* jokemodel.swift */,
				84D611072CAE7E3C00739581 /* ApiManager.swift */,
				84EFCEA22CAFA92700628488 /* DetailVC.swift */,
			);
			path = Task1;
			sourceTree = "<group>";
		};
/* End PBXGroup section */

/* Begin PBXNativeTarget section */
		84D610E32CAE795900739581 /* Task1 */ = {
			isa = PBXNativeTarget;
			buildConfigurationList = 84D610FB2CAE795A00739581 /* Build configuration list for PBXNativeTarget "Task1" */;
			buildPhases = (
				84D610E02CAE795900739581 /* Sources */,
				84D610E12CAE795900739581 /* Frameworks */,
				84D610E22CAE795900739581 /* Resources */,
			);
			buildRules = (
			);
			dependencies = (
			);
			name = Task1;
			packageProductDependencies = (
				84D611032CAE7B1200739581 /* Alamofire */,
			);
			productName = Task1;
			productReference = 84D610E42CAE795900739581 /* Task1.app */;
			productType = "com.apple.product-type.application";
		};
/* End PBXNativeTarget section */

/* Begin PBXProject section */
		84D610DC2CAE795800739581 /* Project object */ = {
			isa = PBXProject;
			attributes = {
				BuildIndependentTargetsInParallel = 1;
				LastSwiftUpdateCheck = 1540;
				LastUpgradeCheck = 1540;
				TargetAttributes = {
					84D610E32CAE795900739581 = {
						CreatedOnToolsVersion = 15.4;
					};
				};
			};
			buildConfigurationList = 84D610DF2CAE795800739581 /* Build configuration list for PBXProject "Task1" */;
			compatibilityVersion = "Xcode 14.0";
			developmentRegion = en;
			hasScannedForEncodings = 0;
			knownRegions = (
				en,
				Base,
			);
			mainGroup = 84D610DB2CAE795800739581;
			packageReferences = (
				84D611022CAE7B1200739581 /* XCRemoteSwiftPackageReference "Alamofire" */,
			);
			productRefGroup = 84D610E52CAE795900739581 /* Products */;
			projectDirPath = "";
			projectRoot = "";
			targets = (
				84D610E32CAE795900739581 /* Task1 */,
			);
		};
/* End PBXProject section */

/* Begin PBXResourcesBuildPhase section */
		84D610E22CAE795900739581 /* Resources */ = {
			isa = PBXResourcesBuildPhase;
			buildActionMask = 2147483647;
			files = (
				84D610F42CAE795A00739581 /* Assets.xcassets in Resources */,
				84D610F72CAE795A00739581 /* Base in Resources */,
				84D611002CAE79FB00739581 /* DetailCell.xib in Resources */,
				84D610EF2CAE795900739581 /* Base in Resources */,
			);
			runOnlyForDeploymentPostprocessing = 0;
		};
/* End PBXResourcesBuildPhase section */

/* Begin PBXSourcesBuildPhase section */
		84D610E02CAE795900739581 /* Sources */ = {
			isa = PBXSourcesBuildPhase;
			buildActionMask = 2147483647;
			files = (
				84D611062CAE7CD200739581 /* jokemodel.swift in Sources */,
				84D611012CAE79FB00739581 /* DetailCell.swift in Sources */,
				84D610EC2CAE795900739581 /* ViewController.swift in Sources */,
				84D611082CAE7E3C00739581 /* ApiManager.swift in Sources */,
				84D610E82CAE795900739581 /* AppDelegate.swift in Sources */,
				84EFCEA32CAFA92700628488 /* DetailVC.swift in Sources */,
				84D610F22CAE795900739581 /* Task1.xcdatamodeld in Sources */,
				84D610EA2CAE795900739581 /* SceneDelegate.swift in Sources */,
			);
			runOnlyForDeploymentPostprocessing = 0;
		};
/* End PBXSourcesBuildPhase section */

/* Begin PBXVariantGroup section */
		84D610ED2CAE795900739581 /* Main.storyboard */ = {
			isa = PBXVariantGroup;
			children = (
				84D610EE2CAE795900739581 /* Base */,
			);
			name = Main.storyboard;
			sourceTree = "<group>";
		};
		84D610F52CAE795A00739581 /* LaunchScreen.storyboard */ = {
			isa = PBXVariantGroup;
			children = (
				84D610F62CAE795A00739581 /* Base */,
			);
			name = LaunchScreen.storyboard;
			sourceTree = "<group>";
		};
/* End PBXVariantGroup section */

/* Begin XCBuildConfiguration section */
		84D610F92CAE795A00739581 /* Debug */ = {
			isa = XCBuildConfiguration;
			buildSettings = {
				ALWAYS_SEARCH_USER_PATHS = NO;
				ASSETCATALOG_COMPILER_GENERATE_SWIFT_ASSET_SYMBOL_EXTENSIONS = YES;
				CLANG_ANALYZER_NONNULL = YES;
				CLANG_ANALYZER_NUMBER_OBJECT_CONVERSION = YES_AGGRESSIVE;
				CLANG_CXX_LANGUAGE_STANDARD = "gnu++20";
				CLANG_ENABLE_MODULES = YES;
				CLANG_ENABLE_OBJC_ARC = YES;
				CLANG_ENABLE_OBJC_WEAK = YES;
				CLANG_WARN_BLOCK_CAPTURE_AUTORELEASING = YES;
				CLANG_WARN_BOOL_CONVERSION = YES;
				CLANG_WARN_COMMA = YES;
				CLANG_WARN_CONSTANT_CONVERSION = YES;
				CLANG_WARN_DEPRECATED_OBJC_IMPLEMENTATIONS = YES;
				CLANG_WARN_DIRECT_OBJC_ISA_USAGE = YES_ERROR;
				CLANG_WARN_DOCUMENTATION_COMMENTS = YES;
				CLANG_WARN_EMPTY_BODY = YES;
				CLANG_WARN_ENUM_CONVERSION = YES;
				CLANG_WARN_INFINITE_RECURSION = YES;
				CLANG_WARN_INT_CONVERSION = YES;
				CLANG_WARN_NON_LITERAL_NULL_CONVERSION = YES;
				CLANG_WARN_OBJC_IMPLICIT_RETAIN_SELF = YES;
				CLANG_WARN_OBJC_LITERAL_CONVERSION = YES;
				CLANG_WARN_OBJC_ROOT_CLASS = YES_ERROR;
				CLANG_WARN_QUOTED_INCLUDE_IN_FRAMEWORK_HEADER = YES;
				CLANG_WARN_RANGE_LOOP_ANALYSIS = YES;
				CLANG_WARN_STRICT_PROTOTYPES = YES;
				CLANG_WARN_SUSPICIOUS_MOVE = YES;
				CLANG_WARN_UNGUARDED_AVAILABILITY = YES_AGGRESSIVE;
				CLANG_WARN_UNREACHABLE_CODE = YES;
				CLANG_WARN__DUPLICATE_METHOD_MATCH = YES;
				COPY_PHASE_STRIP = NO;
				DEBUG_INFORMATION_FORMAT = dwarf;
				ENABLE_STRICT_OBJC_MSGSEND = YES;
				ENABLE_TESTABILITY = YES;
				ENABLE_USER_SCRIPT_SANDBOXING = YES;
				GCC_C_LANGUAGE_STANDARD = gnu17;
				GCC_DYNAMIC_NO_PIC = NO;
				GCC_NO_COMMON_BLOCKS = YES;
				GCC_OPTIMIZATION_LEVEL = 0;
				GCC_PREPROCESSOR_DEFINITIONS = (
					"DEBUG=1",
					"$(inherited)",
				);
				GCC_WARN_64_TO_32_BIT_CONVERSION = YES;
				GCC_WARN_ABOUT_RETURN_TYPE = YES_ERROR;
				GCC_WARN_UNDECLARED_SELECTOR = YES;
				GCC_WARN_UNINITIALIZED_AUTOS = YES_AGGRESSIVE;
				GCC_WARN_UNUSED_FUNCTION = YES;
				GCC_WARN_UNUSED_VARIABLE = YES;
				IPHONEOS_DEPLOYMENT_TARGET = 17.5;
				LOCALIZATION_PREFERS_STRING_CATALOGS = YES;
				MTL_ENABLE_DEBUG_INFO = INCLUDE_SOURCE;
				MTL_FAST_MATH = YES;
				ONLY_ACTIVE_ARCH = YES;
				SDKROOT = iphoneos;
				SWIFT_ACTIVE_COMPILATION_CONDITIONS = "DEBUG $(inherited)";
				SWIFT_OPTIMIZATION_LEVEL = "-Onone";
			};
			name = Debug;
		};
		84D610FA2CAE795A00739581 /* Release */ = {
			isa = XCBuildConfiguration;
			buildSettings = {
				ALWAYS_SEARCH_USER_PATHS = NO;
				ASSETCATALOG_COMPILER_GENERATE_SWIFT_ASSET_SYMBOL_EXTENSIONS = YES;
				CLANG_ANALYZER_NONNULL = YES;
				CLANG_ANALYZER_NUMBER_OBJECT_CONVERSION = YES_AGGRESSIVE;
				CLANG_CXX_LANGUAGE_STANDARD = "gnu++20";
				CLANG_ENABLE_MODULES = YES;
				CLANG_ENABLE_OBJC_ARC = YES;
				CLANG_ENABLE_OBJC_WEAK = YES;
				CLANG_WARN_BLOCK_CAPTURE_AUTORELEASING = YES;
				CLANG_WARN_BOOL_CONVERSION = YES;
				CLANG_WARN_COMMA = YES;
				CLANG_WARN_CONSTANT_CONVERSION = YES;
				CLANG_WARN_DEPRECATED_OBJC_IMPLEMENTATIONS = YES;
				CLANG_WARN_DIRECT_OBJC_ISA_USAGE = YES_ERROR;
				CLANG_WARN_DOCUMENTATION_COMMENTS = YES;
				CLANG_WARN_EMPTY_BODY = YES;
				CLANG_WARN_ENUM_CONVERSION = YES;
				CLANG_WARN_INFINITE_RECURSION = YES;
				CLANG_WARN_INT_CONVERSION = YES;
				CLANG_WARN_NON_LITERAL_NULL_CONVERSION = YES;
				CLANG_WARN_OBJC_IMPLICIT_RETAIN_SELF = YES;
				CLANG_WARN_OBJC_LITERAL_CONVERSION = YES;
				CLANG_WARN_OBJC_ROOT_CLASS = YES_ERROR;
				CLANG_WARN_QUOTED_INCLUDE_IN_FRAMEWORK_HEADER = YES;
				CLANG_WARN_RANGE_LOOP_ANALYSIS = YES;
				CLANG_WARN_STRICT_PROTOTYPES = YES;
				CLANG_WARN_SUSPICIOUS_MOVE = YES;
				CLANG_WARN_UNGUARDED_AVAILABILITY = YES_AGGRESSIVE;
				CLANG_WARN_UNREACHABLE_CODE = YES;
				CLANG_WARN__DUPLICATE_METHOD_MATCH = YES;
				COPY_PHASE_STRIP = NO;
				DEBUG_INFORMATION_FORMAT = "dwarf-with-dsym";
				ENABLE_NS_ASSERTIONS = NO;
				ENABLE_STRICT_OBJC_MSGSEND = YES;
				ENABLE_USER_SCRIPT_SANDBOXING = YES;
				GCC_C_LANGUAGE_STANDARD = gnu17;
				GCC_NO_COMMON_BLOCKS = YES;
				GCC_WARN_64_TO_32_BIT_CONVERSION = YES;
				GCC_WARN_ABOUT_RETURN_TYPE = YES_ERROR;
				GCC_WARN_UNDECLARED_SELECTOR = YES;
				GCC_WARN_UNINITIALIZED_AUTOS = YES_AGGRESSIVE;
				GCC_WARN_UNUSED_FUNCTION = YES;
				GCC_WARN_UNUSED_VARIABLE = YES;
				IPHONEOS_DEPLOYMENT_TARGET = 17.5;
				LOCALIZATION_PREFERS_STRING_CATALOGS = YES;
				MTL_ENABLE_DEBUG_INFO = NO;
				MTL_FAST_MATH = YES;
				SDKROOT = iphoneos;
				SWIFT_COMPILATION_MODE = wholemodule;
				VALIDATE_PRODUCT = YES;
			};
			name = Release;
		};
		84D610FC2CAE795A00739581 /* Debug */ = {
			isa = XCBuildConfiguration;
			buildSettings = {
				ASSETCATALOG_COMPILER_APPICON_NAME = AppIcon;
				ASSETCATALOG_COMPILER_GLOBAL_ACCENT_COLOR_NAME = AccentColor;
				CODE_SIGN_STYLE = Automatic;
				CURRENT_PROJECT_VERSION = 1;
				GENERATE_INFOPLIST_FILE = YES;
				INFOPLIST_FILE = Task1/Info.plist;
				INFOPLIST_KEY_UIApplicationSupportsIndirectInputEvents = YES;
				INFOPLIST_KEY_UILaunchStoryboardName = LaunchScreen;
				INFOPLIST_KEY_UIMainStoryboardFile = Main;
				INFOPLIST_KEY_UISupportedInterfaceOrientations_iPad = "UIInterfaceOrientationPortrait UIInterfaceOrientationPortraitUpsideDown UIInterfaceOrientationLandscapeLeft UIInterfaceOrientationLandscapeRight";
				INFOPLIST_KEY_UISupportedInterfaceOrientations_iPhone = "UIInterfaceOrientationPortrait UIInterfaceOrientationLandscapeLeft UIInterfaceOrientationLandscapeRight";
				LD_RUNPATH_SEARCH_PATHS = (
					"$(inherited)",
					"@executable_path/Frameworks",
				);
				MARKETING_VERSION = 1.0;
				PRODUCT_BUNDLE_IDENTIFIER = com.example.Task1;
				PRODUCT_NAME = "$(TARGET_NAME)";
				SWIFT_EMIT_LOC_STRINGS = YES;
				SWIFT_VERSION = 5.0;
				TARGETED_DEVICE_FAMILY = "1,2";
			};
			name = Debug;
		};
		84D610FD2CAE795A00739581 /* Release */ = {
			isa = XCBuildConfiguration;
			buildSettings = {
				ASSETCATALOG_COMPILER_APPICON_NAME = AppIcon;
				ASSETCATALOG_COMPILER_GLOBAL_ACCENT_COLOR_NAME = AccentColor;
				CODE_SIGN_STYLE = Automatic;
				CURRENT_PROJECT_VERSION = 1;
				GENERATE_INFOPLIST_FILE = YES;
				INFOPLIST_FILE = Task1/Info.plist;
				INFOPLIST_KEY_UIApplicationSupportsIndirectInputEvents = YES;
				INFOPLIST_KEY_UILaunchStoryboardName = LaunchScreen;
				INFOPLIST_KEY_UIMainStoryboardFile = Main;
				INFOPLIST_KEY_UISupportedInterfaceOrientations_iPad = "UIInterfaceOrientationPortrait UIInterfaceOrientationPortraitUpsideDown UIInterfaceOrientationLandscapeLeft UIInterfaceOrientationLandscapeRight";
				INFOPLIST_KEY_UISupportedInterfaceOrientations_iPhone = "UIInterfaceOrientationPortrait UIInterfaceOrientationLandscapeLeft UIInterfaceOrientationLandscapeRight";
				LD_RUNPATH_SEARCH_PATHS = (
					"$(inherited)",
					"@executable_path/Frameworks",
				);
				MARKETING_VERSION = 1.0;
				PRODUCT_BUNDLE_IDENTIFIER = com.example.Task1;
				PRODUCT_NAME = "$(TARGET_NAME)";
				SWIFT_EMIT_LOC_STRINGS = YES;
				SWIFT_VERSION = 5.0;
				TARGETED_DEVICE_FAMILY = "1,2";
			};
			name = Release;
		};
/* End XCBuildConfiguration section */

/* Begin XCConfigurationList section */
		84D610DF2CAE795800739581 /* Build configuration list for PBXProject "Task1" */ = {
			isa = XCConfigurationList;
			buildConfigurations = (
				84D610F92CAE795A00739581 /* Debug */,
				84D610FA2CAE795A00739581 /* Release */,
			);
			defaultConfigurationIsVisible = 0;
			defaultConfigurationName = Release;
		};
		84D610FB2CAE795A00739581 /* Build configuration list for PBXNativeTarget "Task1" */ = {
			isa = XCConfigurationList;
			buildConfigurations = (
				84D610FC2CAE795A00739581 /* Debug */,
				84D610FD2CAE795A00739581 /* Release */,
			);
			defaultConfigurationIsVisible = 0;
			defaultConfigurationName = Release;
		};
/* End XCConfigurationList section */

/* Begin XCRemoteSwiftPackageReference section */
		84D611022CAE7B1200739581 /* XCRemoteSwiftPackageReference "Alamofire" */ = {
			isa = XCRemoteSwiftPackageReference;
			repositoryURL = "https://github.com/Alamofire/Alamofire.git";
			requirement = {
				kind = exactVersion;
				version = 5.8.0;
			};
		};
/* End XCRemoteSwiftPackageReference section */

/* Begin XCSwiftPackageProductDependency section */
		84D611032CAE7B1200739581 /* Alamofire */ = {
			isa = XCSwiftPackageProductDependency;
			package = 84D611022CAE7B1200739581 /* XCRemoteSwiftPackageReference "Alamofire" */;
			productName = Alamofire;
		};
/* End XCSwiftPackageProductDependency section */

/* Begin XCVersionGroup section */
		84D610F02CAE795900739581 /* Task1.xcdatamodeld */ = {
			isa = XCVersionGroup;
			children = (
				84D610F12CAE795900739581 /* Task1.xcdatamodel */,
			);
			currentVersion = 84D610F12CAE795900739581 /* Task1.xcdatamodel */;
			path = Task1.xcdatamodeld;
			sourceTree = "<group>";
			versionGroupType = wrapper.xcdatamodel;
		};
/* End XCVersionGroup section */
	};
	rootObject = 84D610DC2CAE795800739581 /* Project object */;
}
